# THIS IS AN AUTOGENERATED FILE. DO NOT EDIT THIS FILE DIRECTLY.
# yarn lockfile v1


"@abadri-test/my-yarn-test@~1.2.0":
  version "1.2.0"
  resolved "https://registry.yarnpkg.com/@abadri-test/my-yarn-test/-/my-yarn-test-1.2.0.tgz#775cb88d1a68b4194baeb2cbded612e8389005f3"
  integrity sha512-UHN4Fx2jW4gdyLOMvWESYDjWzw3ioyvLwuH+HQkFQCKBsYTUNmTPx7ux7K5GGG83k9rV9xN0uAGxIcI/BRQNUw==
